// !$*UTF8*$!
{
	archiveVersion = 1;
	classes = {
	};
	objectVersion = 46;
	objects = {

/* Begin PBXBuildFile section */
		84399A84F1AF9A5ADCC279AD /* Pods_Survival.framework in Frameworks */ = {isa = PBXBuildFile; fileRef = 5E956EA72BC9A0D70F0617C3 /* Pods_Survival.framework */; };
		9C06AD4F659946D055E422A6 /* Pods_SurvivalTests.framework in Frameworks */ = {isa = PBXBuildFile; fileRef = 9CA8498FE850B62B02C2EB33 /* Pods_SurvivalTests.framework */; };
		AE93C1754B32F6FBB4013606 /* Pods_SurvivalUITests.framework in Frameworks */ = {isa = PBXBuildFile; fileRef = 67FF6C09EC960422D98257B1 /* Pods_SurvivalUITests.framework */; };
		E258877B1DA5797400F251C9 /* AppDelegate.swift in Sources */ = {isa = PBXBuildFile; fileRef = E258877A1DA5797400F251C9 /* AppDelegate.swift */; };
		E258877D1DA5797400F251C9 /* ViewController.swift in Sources */ = {isa = PBXBuildFile; fileRef = E258877C1DA5797400F251C9 /* ViewController.swift */; };
		E25887801DA5797400F251C9 /* Main.storyboard in Resources */ = {isa = PBXBuildFile; fileRef = E258877E1DA5797400F251C9 /* Main.storyboard */; };
		E25887821DA5797400F251C9 /* Assets.xcassets in Resources */ = {isa = PBXBuildFile; fileRef = E25887811DA5797400F251C9 /* Assets.xcassets */; };
		E25887851DA5797400F251C9 /* LaunchScreen.storyboard in Resources */ = {isa = PBXBuildFile; fileRef = E25887831DA5797400F251C9 /* LaunchScreen.storyboard */; };
		E25887901DA5797400F251C9 /* SurvivalTests.swift in Sources */ = {isa = PBXBuildFile; fileRef = E258878F1DA5797400F251C9 /* SurvivalTests.swift */; };
		E258879B1DA5797400F251C9 /* SurvivalUITests.swift in Sources */ = {isa = PBXBuildFile; fileRef = E258879A1DA5797400F251C9 /* SurvivalUITests.swift */; };
		E2CAEE881DB00E5300D7390B /* Route.swift in Sources */ = {isa = PBXBuildFile; fileRef = E2CAEE871DB00E5300D7390B /* Route.swift */; };
		E2E65EBF1DB2FA9B00F427DF /* Location.swift in Sources */ = {isa = PBXBuildFile; fileRef = E2E65EBE1DB2FA9B00F427DF /* Location.swift */; };
/* End PBXBuildFile section */

/* Begin PBXContainerItemProxy section */
		E258878C1DA5797400F251C9 /* PBXContainerItemProxy */ = {
			isa = PBXContainerItemProxy;
			containerPortal = E258876F1DA5797300F251C9 /* Project object */;
			proxyType = 1;
			remoteGlobalIDString = E25887761DA5797400F251C9;
			remoteInfo = Survival;
		};
		E25887971DA5797400F251C9 /* PBXContainerItemProxy */ = {
			isa = PBXContainerItemProxy;
			containerPortal = E258876F1DA5797300F251C9 /* Project object */;
			proxyType = 1;
			remoteGlobalIDString = E25887761DA5797400F251C9;
			remoteInfo = Survival;
		};
/* End PBXContainerItemProxy section */

/* Begin PBXFileReference section */
		2328A1003D19DD78286C1EE3 /* Pods-SurvivalUITests.release.xcconfig */ = {isa = PBXFileReference; includeInIndex = 1; lastKnownFileType = text.xcconfig; name = "Pods-SurvivalUITests.release.xcconfig"; path = "Pods/Target Support Files/Pods-SurvivalUITests/Pods-SurvivalUITests.release.xcconfig"; sourceTree = "<group>"; };
		44D9F47C83C54F4D6ED52674 /* Pods-SurvivalUITests.debug.xcconfig */ = {isa = PBXFileReference; includeInIndex = 1; lastKnownFileType = text.xcconfig; name = "Pods-SurvivalUITests.debug.xcconfig"; path = "Pods/Target Support Files/Pods-SurvivalUITests/Pods-SurvivalUITests.debug.xcconfig"; sourceTree = "<group>"; };
		5E956EA72BC9A0D70F0617C3 /* Pods_Survival.framework */ = {isa = PBXFileReference; explicitFileType = wrapper.framework; includeInIndex = 0; path = Pods_Survival.framework; sourceTree = BUILT_PRODUCTS_DIR; };
		67FF6C09EC960422D98257B1 /* Pods_SurvivalUITests.framework */ = {isa = PBXFileReference; explicitFileType = wrapper.framework; includeInIndex = 0; path = Pods_SurvivalUITests.framework; sourceTree = BUILT_PRODUCTS_DIR; };
		9549803693AFB9355EDAD66D /* Pods-Survival.debug.xcconfig */ = {isa = PBXFileReference; includeInIndex = 1; lastKnownFileType = text.xcconfig; name = "Pods-Survival.debug.xcconfig"; path = "Pods/Target Support Files/Pods-Survival/Pods-Survival.debug.xcconfig"; sourceTree = "<group>"; };
		9A31F2B9525CF5372CF310CA /* Pods-Survival.release.xcconfig */ = {isa = PBXFileReference; includeInIndex = 1; lastKnownFileType = text.xcconfig; name = "Pods-Survival.release.xcconfig"; path = "Pods/Target Support Files/Pods-Survival/Pods-Survival.release.xcconfig"; sourceTree = "<group>"; };
		9CA8498FE850B62B02C2EB33 /* Pods_SurvivalTests.framework */ = {isa = PBXFileReference; explicitFileType = wrapper.framework; includeInIndex = 0; path = Pods_SurvivalTests.framework; sourceTree = BUILT_PRODUCTS_DIR; };
		BBE6A8D870B85555C7D81520 /* Pods-SurvivalTests.debug.xcconfig */ = {isa = PBXFileReference; includeInIndex = 1; lastKnownFileType = text.xcconfig; name = "Pods-SurvivalTests.debug.xcconfig"; path = "Pods/Target Support Files/Pods-SurvivalTests/Pods-SurvivalTests.debug.xcconfig"; sourceTree = "<group>"; };
		E25887771DA5797400F251C9 /* Survival.app */ = {isa = PBXFileReference; explicitFileType = wrapper.application; includeInIndex = 0; path = Survival.app; sourceTree = BUILT_PRODUCTS_DIR; };
		E258877A1DA5797400F251C9 /* AppDelegate.swift */ = {isa = PBXFileReference; lastKnownFileType = sourcecode.swift; path = AppDelegate.swift; sourceTree = "<group>"; };
		E258877C1DA5797400F251C9 /* ViewController.swift */ = {isa = PBXFileReference; lastKnownFileType = sourcecode.swift; path = ViewController.swift; sourceTree = "<group>"; };
		E258877F1DA5797400F251C9 /* Base */ = {isa = PBXFileReference; lastKnownFileType = file.storyboard; name = Base; path = Base.lproj/Main.storyboard; sourceTree = "<group>"; };
		E25887811DA5797400F251C9 /* Assets.xcassets */ = {isa = PBXFileReference; lastKnownFileType = folder.assetcatalog; path = Assets.xcassets; sourceTree = "<group>"; };
		E25887841DA5797400F251C9 /* Base */ = {isa = PBXFileReference; lastKnownFileType = file.storyboard; name = Base; path = Base.lproj/LaunchScreen.storyboard; sourceTree = "<group>"; };
		E25887861DA5797400F251C9 /* Info.plist */ = {isa = PBXFileReference; lastKnownFileType = text.plist.xml; path = Info.plist; sourceTree = "<group>"; };
		E258878B1DA5797400F251C9 /* SurvivalTests.xctest */ = {isa = PBXFileReference; explicitFileType = wrapper.cfbundle; includeInIndex = 0; path = SurvivalTests.xctest; sourceTree = BUILT_PRODUCTS_DIR; };
		E258878F1DA5797400F251C9 /* SurvivalTests.swift */ = {isa = PBXFileReference; lastKnownFileType = sourcecode.swift; path = SurvivalTests.swift; sourceTree = "<group>"; };
		E25887911DA5797400F251C9 /* Info.plist */ = {isa = PBXFileReference; lastKnownFileType = text.plist.xml; path = Info.plist; sourceTree = "<group>"; };
		E25887961DA5797400F251C9 /* SurvivalUITests.xctest */ = {isa = PBXFileReference; explicitFileType = wrapper.cfbundle; includeInIndex = 0; path = SurvivalUITests.xctest; sourceTree = BUILT_PRODUCTS_DIR; };
		E258879A1DA5797400F251C9 /* SurvivalUITests.swift */ = {isa = PBXFileReference; lastKnownFileType = sourcecode.swift; path = SurvivalUITests.swift; sourceTree = "<group>"; };
		E258879C1DA5797400F251C9 /* Info.plist */ = {isa = PBXFileReference; lastKnownFileType = text.plist.xml; path = Info.plist; sourceTree = "<group>"; };
		E2CAEE871DB00E5300D7390B /* Route.swift */ = {isa = PBXFileReference; fileEncoding = 4; lastKnownFileType = sourcecode.swift; path = Route.swift; sourceTree = "<group>"; };
		E2E65EBE1DB2FA9B00F427DF /* Location.swift */ = {isa = PBXFileReference; fileEncoding = 4; lastKnownFileType = sourcecode.swift; path = Location.swift; sourceTree = "<group>"; };
		FC437D3F012CF7B681A5263E /* Pods-SurvivalTests.release.xcconfig */ = {isa = PBXFileReference; includeInIndex = 1; lastKnownFileType = text.xcconfig; name = "Pods-SurvivalTests.release.xcconfig"; path = "Pods/Target Support Files/Pods-SurvivalTests/Pods-SurvivalTests.release.xcconfig"; sourceTree = "<group>"; };
/* End PBXFileReference section */

/* Begin PBXFrameworksBuildPhase section */
		E25887741DA5797400F251C9 /* Frameworks */ = {
			isa = PBXFrameworksBuildPhase;
			buildActionMask = 2147483647;
			files = (
				84399A84F1AF9A5ADCC279AD /* Pods_Survival.framework in Frameworks */,
			);
			runOnlyForDeploymentPostprocessing = 0;
		};
		E25887881DA5797400F251C9 /* Frameworks */ = {
			isa = PBXFrameworksBuildPhase;
			buildActionMask = 2147483647;
			files = (
				9C06AD4F659946D055E422A6 /* Pods_SurvivalTests.framework in Frameworks */,
			);
			runOnlyForDeploymentPostprocessing = 0;
		};
		E25887931DA5797400F251C9 /* Frameworks */ = {
			isa = PBXFrameworksBuildPhase;
			buildActionMask = 2147483647;
			files = (
				AE93C1754B32F6FBB4013606 /* Pods_SurvivalUITests.framework in Frameworks */,
			);
			runOnlyForDeploymentPostprocessing = 0;
		};
/* End PBXFrameworksBuildPhase section */

/* Begin PBXGroup section */
		3D6F55BC877A576DE700D8B8 /* Frameworks */ = {
			isa = PBXGroup;
			children = (
				5E956EA72BC9A0D70F0617C3 /* Pods_Survival.framework */,
				9CA8498FE850B62B02C2EB33 /* Pods_SurvivalTests.framework */,
				67FF6C09EC960422D98257B1 /* Pods_SurvivalUITests.framework */,
			);
			name = Frameworks;
			sourceTree = "<group>";
		};
		5B064A78E7B6ADEC482C1865 /* Pods */ = {
			isa = PBXGroup;
			children = (
				9549803693AFB9355EDAD66D /* Pods-Survival.debug.xcconfig */,
				9A31F2B9525CF5372CF310CA /* Pods-Survival.release.xcconfig */,
				BBE6A8D870B85555C7D81520 /* Pods-SurvivalTests.debug.xcconfig */,
				FC437D3F012CF7B681A5263E /* Pods-SurvivalTests.release.xcconfig */,
				44D9F47C83C54F4D6ED52674 /* Pods-SurvivalUITests.debug.xcconfig */,
				2328A1003D19DD78286C1EE3 /* Pods-SurvivalUITests.release.xcconfig */,
			);
			name = Pods;
			sourceTree = "<group>";
		};
		E258876E1DA5797300F251C9 = {
			isa = PBXGroup;
			children = (
				E25887791DA5797400F251C9 /* Survival */,
				E258878E1DA5797400F251C9 /* SurvivalTests */,
				E25887991DA5797400F251C9 /* SurvivalUITests */,
				E25887781DA5797400F251C9 /* Products */,
				5B064A78E7B6ADEC482C1865 /* Pods */,
				3D6F55BC877A576DE700D8B8 /* Frameworks */,
			);
			sourceTree = "<group>";
		};
		E25887781DA5797400F251C9 /* Products */ = {
			isa = PBXGroup;
			children = (
				E25887771DA5797400F251C9 /* Survival.app */,
				E258878B1DA5797400F251C9 /* SurvivalTests.xctest */,
				E25887961DA5797400F251C9 /* SurvivalUITests.xctest */,
			);
			name = Products;
			sourceTree = "<group>";
		};
		E25887791DA5797400F251C9 /* Survival */ = {
			isa = PBXGroup;
			children = (
				E258877A1DA5797400F251C9 /* AppDelegate.swift */,
				E258877C1DA5797400F251C9 /* ViewController.swift */,
				E2CAEE871DB00E5300D7390B /* Route.swift */,
				E2E65EBE1DB2FA9B00F427DF /* Location.swift */,
				E258877E1DA5797400F251C9 /* Main.storyboard */,
				E25887811DA5797400F251C9 /* Assets.xcassets */,
				E25887831DA5797400F251C9 /* LaunchScreen.storyboard */,
				E25887861DA5797400F251C9 /* Info.plist */,
			);
			path = Survival;
			sourceTree = "<group>";
		};
		E258878E1DA5797400F251C9 /* SurvivalTests */ = {
			isa = PBXGroup;
			children = (
				E258878F1DA5797400F251C9 /* SurvivalTests.swift */,
				E25887911DA5797400F251C9 /* Info.plist */,
			);
			path = SurvivalTests;
			sourceTree = "<group>";
		};
		E25887991DA5797400F251C9 /* SurvivalUITests */ = {
			isa = PBXGroup;
			children = (
				E258879A1DA5797400F251C9 /* SurvivalUITests.swift */,
				E258879C1DA5797400F251C9 /* Info.plist */,
			);
			path = SurvivalUITests;
			sourceTree = "<group>";
		};
/* End PBXGroup section */

/* Begin PBXNativeTarget section */
		E25887761DA5797400F251C9 /* Survival */ = {
			isa = PBXNativeTarget;
			buildConfigurationList = E258879F1DA5797400F251C9 /* Build configuration list for PBXNativeTarget "Survival" */;
			buildPhases = (
				1F54D948E50FC7E82ADFF8CF /* [CP] Check Pods Manifest.lock */,
				E25887731DA5797400F251C9 /* Sources */,
				E25887741DA5797400F251C9 /* Frameworks */,
				E25887751DA5797400F251C9 /* Resources */,
				05D0B0FF1FF61820A8C28AF2 /* [CP] Embed Pods Frameworks */,
				EFCE1E905C5AFA9E4F7C4F15 /* [CP] Copy Pods Resources */,
			);
			buildRules = (
			);
			dependencies = (
			);
			name = Survival;
			productName = Survival;
			productReference = E25887771DA5797400F251C9 /* Survival.app */;
			productType = "com.apple.product-type.application";
		};
		E258878A1DA5797400F251C9 /* SurvivalTests */ = {
			isa = PBXNativeTarget;
			buildConfigurationList = E25887A21DA5797400F251C9 /* Build configuration list for PBXNativeTarget "SurvivalTests" */;
			buildPhases = (
				4BFA77A29158D309EBB2258D /* [CP] Check Pods Manifest.lock */,
				E25887871DA5797400F251C9 /* Sources */,
				E25887881DA5797400F251C9 /* Frameworks */,
				E25887891DA5797400F251C9 /* Resources */,
				450F38EAA23B6C7231AFE0AC /* [CP] Embed Pods Frameworks */,
				0B9229314495C03BD0CD3AFC /* [CP] Copy Pods Resources */,
			);
			buildRules = (
			);
			dependencies = (
				E258878D1DA5797400F251C9 /* PBXTargetDependency */,
			);
			name = SurvivalTests;
			productName = SurvivalTests;
			productReference = E258878B1DA5797400F251C9 /* SurvivalTests.xctest */;
			productType = "com.apple.product-type.bundle.unit-test";
		};
		E25887951DA5797400F251C9 /* SurvivalUITests */ = {
			isa = PBXNativeTarget;
			buildConfigurationList = E25887A51DA5797400F251C9 /* Build configuration list for PBXNativeTarget "SurvivalUITests" */;
			buildPhases = (
				6E310D4A28032D672E9B1ACB /* [CP] Check Pods Manifest.lock */,
				E25887921DA5797400F251C9 /* Sources */,
				E25887931DA5797400F251C9 /* Frameworks */,
				E25887941DA5797400F251C9 /* Resources */,
				224AF640C2DA23F1913CB17E /* [CP] Copy Pods Resources */,
				F970E664556824578E9DEC67 /* [CP] Embed Pods Frameworks */,
			);
			buildRules = (
			);
			dependencies = (
				E25887981DA5797400F251C9 /* PBXTargetDependency */,
			);
			name = SurvivalUITests;
			productName = SurvivalUITests;
			productReference = E25887961DA5797400F251C9 /* SurvivalUITests.xctest */;
			productType = "com.apple.product-type.bundle.ui-testing";
		};
/* End PBXNativeTarget section */

/* Begin PBXProject section */
		E258876F1DA5797300F251C9 /* Project object */ = {
			isa = PBXProject;
			attributes = {
				LastSwiftUpdateCheck = 0800;
				LastUpgradeCheck = 0800;
				ORGANIZATIONNAME = "Johns Hopkins University";
				TargetAttributes = {
					E25887761DA5797400F251C9 = {
						CreatedOnToolsVersion = 8.0;
						DevelopmentTeam = 5Z4L8A2TF8;
						ProvisioningStyle = Automatic;
					};
					E258878A1DA5797400F251C9 = {
						CreatedOnToolsVersion = 8.0;
						DevelopmentTeam = 5Z4L8A2TF8;
						ProvisioningStyle = Automatic;
						TestTargetID = E25887761DA5797400F251C9;
					};
					E25887951DA5797400F251C9 = {
						CreatedOnToolsVersion = 8.0;
						DevelopmentTeam = 5Z4L8A2TF8;
						ProvisioningStyle = Automatic;
						TestTargetID = E25887761DA5797400F251C9;
					};
				};
			};
			buildConfigurationList = E25887721DA5797300F251C9 /* Build configuration list for PBXProject "Survival" */;
			compatibilityVersion = "Xcode 3.2";
			developmentRegion = English;
			hasScannedForEncodings = 0;
			knownRegions = (
				en,
				Base,
			);
			mainGroup = E258876E1DA5797300F251C9;
			productRefGroup = E25887781DA5797400F251C9 /* Products */;
			projectDirPath = "";
			projectRoot = "";
			targets = (
				E25887761DA5797400F251C9 /* Survival */,
				E258878A1DA5797400F251C9 /* SurvivalTests */,
				E25887951DA5797400F251C9 /* SurvivalUITests */,
			);
		};
/* End PBXProject section */

/* Begin PBXResourcesBuildPhase section */
		E25887751DA5797400F251C9 /* Resources */ = {
			isa = PBXResourcesBuildPhase;
			buildActionMask = 2147483647;
			files = (
				E25887851DA5797400F251C9 /* LaunchScreen.storyboard in Resources */,
				E25887821DA5797400F251C9 /* Assets.xcassets in Resources */,
				E25887801DA5797400F251C9 /* Main.storyboard in Resources */,
			);
			runOnlyForDeploymentPostprocessing = 0;
		};
		E25887891DA5797400F251C9 /* Resources */ = {
			isa = PBXResourcesBuildPhase;
			buildActionMask = 2147483647;
			files = (
			);
			runOnlyForDeploymentPostprocessing = 0;
		};
		E25887941DA5797400F251C9 /* Resources */ = {
			isa = PBXResourcesBuildPhase;
			buildActionMask = 2147483647;
			files = (
			);
			runOnlyForDeploymentPostprocessing = 0;
		};
/* End PBXResourcesBuildPhase section */

/* Begin PBXShellScriptBuildPhase section */
		05D0B0FF1FF61820A8C28AF2 /* [CP] Embed Pods Frameworks */ = {
			isa = PBXShellScriptBuildPhase;
			buildActionMask = 2147483647;
			files = (
			);
			inputPaths = (
			);
			name = "[CP] Embed Pods Frameworks";
			outputPaths = (
			);
			runOnlyForDeploymentPostprocessing = 0;
			shellPath = /bin/sh;
			shellScript = "\"${SRCROOT}/Pods/Target Support Files/Pods-Survival/Pods-Survival-frameworks.sh\"\n";
			showEnvVarsInLog = 0;
		};
		0B9229314495C03BD0CD3AFC /* [CP] Copy Pods Resources */ = {
			isa = PBXShellScriptBuildPhase;
			buildActionMask = 2147483647;
			files = (
			);
			inputPaths = (
			);
			name = "[CP] Copy Pods Resources";
			outputPaths = (
			);
			runOnlyForDeploymentPostprocessing = 0;
			shellPath = /bin/sh;
			shellScript = "\"${SRCROOT}/Pods/Target Support Files/Pods-SurvivalTests/Pods-SurvivalTests-resources.sh\"\n";
			showEnvVarsInLog = 0;
		};
		1F54D948E50FC7E82ADFF8CF /* [CP] Check Pods Manifest.lock */ = {
			isa = PBXShellScriptBuildPhase;
			buildActionMask = 2147483647;
			files = (
			);
			inputPaths = (
			);
			name = "[CP] Check Pods Manifest.lock";
			outputPaths = (
			);
			runOnlyForDeploymentPostprocessing = 0;
			shellPath = /bin/sh;
			shellScript = "diff \"${PODS_ROOT}/../Podfile.lock\" \"${PODS_ROOT}/Manifest.lock\" > /dev/null\nif [ $? != 0 ] ; then\n    # print error to STDERR\n    echo \"error: The sandbox is not in sync with the Podfile.lock. Run 'pod install' or update your CocoaPods installation.\" >&2\n    exit 1\nfi\n";
			showEnvVarsInLog = 0;
		};
		224AF640C2DA23F1913CB17E /* [CP] Copy Pods Resources */ = {
			isa = PBXShellScriptBuildPhase;
			buildActionMask = 2147483647;
			files = (
			);
			inputPaths = (
			);
			name = "[CP] Copy Pods Resources";
			outputPaths = (
			);
			runOnlyForDeploymentPostprocessing = 0;
			shellPath = /bin/sh;
			shellScript = "\"${SRCROOT}/Pods/Target Support Files/Pods-SurvivalUITests/Pods-SurvivalUITests-resources.sh\"\n";
			showEnvVarsInLog = 0;
		};
		450F38EAA23B6C7231AFE0AC /* [CP] Embed Pods Frameworks */ = {
			isa = PBXShellScriptBuildPhase;
			buildActionMask = 2147483647;
			files = (
			);
			inputPaths = (
			);
			name = "[CP] Embed Pods Frameworks";
			outputPaths = (
			);
			runOnlyForDeploymentPostprocessing = 0;
			shellPath = /bin/sh;
			shellScript = "\"${SRCROOT}/Pods/Target Support Files/Pods-SurvivalTests/Pods-SurvivalTests-frameworks.sh\"\n";
			showEnvVarsInLog = 0;
		};
		4BFA77A29158D309EBB2258D /* [CP] Check Pods Manifest.lock */ = {
			isa = PBXShellScriptBuildPhase;
			buildActionMask = 2147483647;
			files = (
			);
			inputPaths = (
			);
			name = "[CP] Check Pods Manifest.lock";
			outputPaths = (
			);
			runOnlyForDeploymentPostprocessing = 0;
			shellPath = /bin/sh;
			shellScript = "diff \"${PODS_ROOT}/../Podfile.lock\" \"${PODS_ROOT}/Manifest.lock\" > /dev/null\nif [ $? != 0 ] ; then\n    # print error to STDERR\n    echo \"error: The sandbox is not in sync with the Podfile.lock. Run 'pod install' or update your CocoaPods installation.\" >&2\n    exit 1\nfi\n";
			showEnvVarsInLog = 0;
		};
		6E310D4A28032D672E9B1ACB /* [CP] Check Pods Manifest.lock */ = {
			isa = PBXShellScriptBuildPhase;
			buildActionMask = 2147483647;
			files = (
			);
			inputPaths = (
			);
			name = "[CP] Check Pods Manifest.lock";
			outputPaths = (
			);
			runOnlyForDeploymentPostprocessing = 0;
			shellPath = /bin/sh;
			shellScript = "diff \"${PODS_ROOT}/../Podfile.lock\" \"${PODS_ROOT}/Manifest.lock\" > /dev/null\nif [ $? != 0 ] ; then\n    # print error to STDERR\n    echo \"error: The sandbox is not in sync with the Podfile.lock. Run 'pod install' or update your CocoaPods installation.\" >&2\n    exit 1\nfi\n";
			showEnvVarsInLog = 0;
		};
		EFCE1E905C5AFA9E4F7C4F15 /* [CP] Copy Pods Resources */ = {
			isa = PBXShellScriptBuildPhase;
			buildActionMask = 2147483647;
			files = (
			);
			inputPaths = (
			);
			name = "[CP] Copy Pods Resources";
			outputPaths = (
			);
			runOnlyForDeploymentPostprocessing = 0;
			shellPath = /bin/sh;
			shellScript = "\"${SRCROOT}/Pods/Target Support Files/Pods-Survival/Pods-Survival-resources.sh\"\n";
			showEnvVarsInLog = 0;
		};
		F970E664556824578E9DEC67 /* [CP] Embed Pods Frameworks */ = {
			isa = PBXShellScriptBuildPhase;
			buildActionMask = 2147483647;
			files = (
			);
			inputPaths = (
			);
			name = "[CP] Embed Pods Frameworks";
			outputPaths = (
			);
			runOnlyForDeploymentPostprocessing = 0;
			shellPath = /bin/sh;
			shellScript = "\"${SRCROOT}/Pods/Target Support Files/Pods-SurvivalUITests/Pods-SurvivalUITests-frameworks.sh\"\n";
			showEnvVarsInLog = 0;
		};
/* End PBXShellScriptBuildPhase section */

/* Begin PBXSourcesBuildPhase section */
		E25887731DA5797400F251C9 /* Sources */ = {
			isa = PBXSourcesBuildPhase;
			buildActionMask = 2147483647;
			files = (
				E2CAEE881DB00E5300D7390B /* Route.swift in Sources */,
				E258877D1DA5797400F251C9 /* ViewController.swift in Sources */,
				E2E65EBF1DB2FA9B00F427DF /* Location.swift in Sources */,
				E258877B1DA5797400F251C9 /* AppDelegate.swift in Sources */,
			);
			runOnlyForDeploymentPostprocessing = 0;
		};
		E25887871DA5797400F251C9 /* Sources */ = {
			isa = PBXSourcesBuildPhase;
			buildActionMask = 2147483647;
			files = (
				E25887901DA5797400F251C9 /* SurvivalTests.swift in Sources */,
			);
			runOnlyForDeploymentPostprocessing = 0;
		};
		E25887921DA5797400F251C9 /* Sources */ = {
			isa = PBXSourcesBuildPhase;
			buildActionMask = 2147483647;
			files = (
				E258879B1DA5797400F251C9 /* SurvivalUITests.swift in Sources */,
			);
			runOnlyForDeploymentPostprocessing = 0;
		};
/* End PBXSourcesBuildPhase section */

/* Begin PBXTargetDependency section */
		E258878D1DA5797400F251C9 /* PBXTargetDependency */ = {
			isa = PBXTargetDependency;
			target = E25887761DA5797400F251C9 /* Survival */;
			targetProxy = E258878C1DA5797400F251C9 /* PBXContainerItemProxy */;
		};
		E25887981DA5797400F251C9 /* PBXTargetDependency */ = {
			isa = PBXTargetDependency;
			target = E25887761DA5797400F251C9 /* Survival */;
			targetProxy = E25887971DA5797400F251C9 /* PBXContainerItemProxy */;
		};
/* End PBXTargetDependency section */

/* Begin PBXVariantGroup section */
		E258877E1DA5797400F251C9 /* Main.storyboard */ = {
			isa = PBXVariantGroup;
			children = (
				E258877F1DA5797400F251C9 /* Base */,
			);
			name = Main.storyboard;
			sourceTree = "<group>";
		};
		E25887831DA5797400F251C9 /* LaunchScreen.storyboard */ = {
			isa = PBXVariantGroup;
			children = (
				E25887841DA5797400F251C9 /* Base */,
			);
			name = LaunchScreen.storyboard;
			sourceTree = "<group>";
		};
/* End PBXVariantGroup section */

/* Begin XCBuildConfiguration section */
		E258879D1DA5797400F251C9 /* Debug */ = {
			isa = XCBuildConfiguration;
			buildSettings = {
				ALWAYS_SEARCH_USER_PATHS = NO;
				CLANG_ANALYZER_NONNULL = YES;
				CLANG_CXX_LANGUAGE_STANDARD = "gnu++0x";
				CLANG_CXX_LIBRARY = "libc++";
				CLANG_ENABLE_MODULES = YES;
				CLANG_ENABLE_OBJC_ARC = YES;
				CLANG_WARN_BOOL_CONVERSION = YES;
				CLANG_WARN_CONSTANT_CONVERSION = YES;
				CLANG_WARN_DIRECT_OBJC_ISA_USAGE = YES_ERROR;
				CLANG_WARN_DOCUMENTATION_COMMENTS = YES;
				CLANG_WARN_EMPTY_BODY = YES;
				CLANG_WARN_ENUM_CONVERSION = YES;
				CLANG_WARN_INFINITE_RECURSION = YES;
				CLANG_WARN_INT_CONVERSION = YES;
				CLANG_WARN_OBJC_ROOT_CLASS = YES_ERROR;
				CLANG_WARN_SUSPICIOUS_MOVE = YES;
				CLANG_WARN_SUSPICIOUS_MOVES = YES;
				CLANG_WARN_UNREACHABLE_CODE = YES;
				CLANG_WARN__DUPLICATE_METHOD_MATCH = YES;
				"CODE_SIGN_IDENTITY[sdk=iphoneos*]" = "iPhone Developer";
				COPY_PHASE_STRIP = NO;
				DEBUG_INFORMATION_FORMAT = dwarf;
				ENABLE_STRICT_OBJC_MSGSEND = YES;
				ENABLE_TESTABILITY = YES;
				GCC_C_LANGUAGE_STANDARD = gnu99;
				GCC_DYNAMIC_NO_PIC = NO;
				GCC_NO_COMMON_BLOCKS = YES;
				GCC_OPTIMIZATION_LEVEL = 0;
				GCC_PREPROCESSOR_DEFINITIONS = (
					"DEBUG=1",
					"$(inherited)",
				);
				GCC_WARN_64_TO_32_BIT_CONVERSION = YES;
				GCC_WARN_ABOUT_RETURN_TYPE = YES_ERROR;
				GCC_WARN_UNDECLARED_SELECTOR = YES;
				GCC_WARN_UNINITIALIZED_AUTOS = YES_AGGRESSIVE;
				GCC_WARN_UNUSED_FUNCTION = YES;
				GCC_WARN_UNUSED_VARIABLE = YES;
				IPHONEOS_DEPLOYMENT_TARGET = 10.0;
				MTL_ENABLE_DEBUG_INFO = YES;
				ONLY_ACTIVE_ARCH = YES;
				SDKROOT = iphoneos;
				SWIFT_ACTIVE_COMPILATION_CONDITIONS = DEBUG;
				SWIFT_OPTIMIZATION_LEVEL = "-Onone";
				TARGETED_DEVICE_FAMILY = "1,2";
			};
			name = Debug;
		};
		E258879E1DA5797400F251C9 /* Release */ = {
			isa = XCBuildConfiguration;
			buildSettings = {
				ALWAYS_SEARCH_USER_PATHS = NO;
				CLANG_ANALYZER_NONNULL = YES;
				CLANG_CXX_LANGUAGE_STANDARD = "gnu++0x";
				CLANG_CXX_LIBRARY = "libc++";
				CLANG_ENABLE_MODULES = YES;
				CLANG_ENABLE_OBJC_ARC = YES;
				CLANG_WARN_BOOL_CONVERSION = YES;
				CLANG_WARN_CONSTANT_CONVERSION = YES;
				CLANG_WARN_DIRECT_OBJC_ISA_USAGE = YES_ERROR;
				CLANG_WARN_DOCUMENTATION_COMMENTS = YES;
				CLANG_WARN_EMPTY_BODY = YES;
				CLANG_WARN_ENUM_CONVERSION = YES;
				CLANG_WARN_INFINITE_RECURSION = YES;
				CLANG_WARN_INT_CONVERSION = YES;
				CLANG_WARN_OBJC_ROOT_CLASS = YES_ERROR;
				CLANG_WARN_SUSPICIOUS_MOVE = YES;
				CLANG_WARN_SUSPICIOUS_MOVES = YES;
				CLANG_WARN_UNREACHABLE_CODE = YES;
				CLANG_WARN__DUPLICATE_METHOD_MATCH = YES;
				"CODE_SIGN_IDENTITY[sdk=iphoneos*]" = "iPhone Developer";
				COPY_PHASE_STRIP = NO;
				DEBUG_INFORMATION_FORMAT = "dwarf-with-dsym";
				ENABLE_NS_ASSERTIONS = NO;
				ENABLE_STRICT_OBJC_MSGSEND = YES;
				GCC_C_LANGUAGE_STANDARD = gnu99;
				GCC_NO_COMMON_BLOCKS = YES;
				GCC_WARN_64_TO_32_BIT_CONVERSION = YES;
				GCC_WARN_ABOUT_RETURN_TYPE = YES_ERROR;
				GCC_WARN_UNDECLARED_SELECTOR = YES;
				GCC_WARN_UNINITIALIZED_AUTOS = YES_AGGRESSIVE;
				GCC_WARN_UNUSED_FUNCTION = YES;
				GCC_WARN_UNUSED_VARIABLE = YES;
				IPHONEOS_DEPLOYMENT_TARGET = 10.0;
				MTL_ENABLE_DEBUG_INFO = NO;
				SDKROOT = iphoneos;
				SWIFT_OPTIMIZATION_LEVEL = "-Owholemodule";
				TARGETED_DEVICE_FAMILY = "1,2";
				VALIDATE_PRODUCT = YES;
			};
			name = Release;
		};
		E25887A01DA5797400F251C9 /* Debug */ = {
			isa = XCBuildConfiguration;
			baseConfigurationReference = 9549803693AFB9355EDAD66D /* Pods-Survival.debug.xcconfig */;
			buildSettings = {
				ASSETCATALOG_COMPILER_APPICON_NAME = AppIcon;
				DEVELOPMENT_TEAM = 5Z4L8A2TF8;
				INFOPLIST_FILE = Survival/Info.plist;
				LD_RUNPATH_SEARCH_PATHS = "$(inherited) @executable_path/Frameworks";
				PRODUCT_BUNDLE_IDENTIFIER = edu.jhu.Survival;
				PRODUCT_NAME = "$(TARGET_NAME)";
				SWIFT_VERSION = 3.0;
			};
			name = Debug;
		};
		E25887A11DA5797400F251C9 /* Release */ = {
			isa = XCBuildConfiguration;
			baseConfigurationReference = 9A31F2B9525CF5372CF310CA /* Pods-Survival.release.xcconfig */;
			buildSettings = {
				ASSETCATALOG_COMPILER_APPICON_NAME = AppIcon;
				DEVELOPMENT_TEAM = 5Z4L8A2TF8;
				INFOPLIST_FILE = Survival/Info.plist;
				LD_RUNPATH_SEARCH_PATHS = "$(inherited) @executable_path/Frameworks";
				PRODUCT_BUNDLE_IDENTIFIER = edu.jhu.Survival;
				PRODUCT_NAME = "$(TARGET_NAME)";
				SWIFT_VERSION = 3.0;
			};
			name = Release;
		};
		E25887A31DA5797400F251C9 /* Debug */ = {
			isa = XCBuildConfiguration;
			baseConfigurationReference = BBE6A8D870B85555C7D81520 /* Pods-SurvivalTests.debug.xcconfig */;
			buildSettings = {
				BUNDLE_LOADER = "$(TEST_HOST)";
				DEVELOPMENT_TEAM = 5Z4L8A2TF8;
				INFOPLIST_FILE = SurvivalTests/Info.plist;
				LD_RUNPATH_SEARCH_PATHS = "$(inherited) @executable_path/Frameworks @loader_path/Frameworks";
				PRODUCT_BUNDLE_IDENTIFIER = edu.jhu.SurvivalTests;
				PRODUCT_NAME = "$(TARGET_NAME)";
				SWIFT_VERSION = 3.0;
				TEST_HOST = "$(BUILT_PRODUCTS_DIR)/Survival.app/Survival";
			};
			name = Debug;
		};
		E25887A41DA5797400F251C9 /* Release */ = {
			isa = XCBuildConfiguration;
			baseConfigurationReference = FC437D3F012CF7B681A5263E /* Pods-SurvivalTests.release.xcconfig */;
			buildSettings = {
				BUNDLE_LOADER = "$(TEST_HOST)";
				DEVELOPMENT_TEAM = 5Z4L8A2TF8;
				INFOPLIST_FILE = SurvivalTests/Info.plist;
				LD_RUNPATH_SEARCH_PATHS = "$(inherited) @executable_path/Frameworks @loader_path/Frameworks";
				PRODUCT_BUNDLE_IDENTIFIER = edu.jhu.SurvivalTests;
				PRODUCT_NAME = "$(TARGET_NAME)";
				SWIFT_VERSION = 3.0;
				TEST_HOST = "$(BUILT_PRODUCTS_DIR)/Survival.app/Survival";
			};
			name = Release;
		};
		E25887A61DA5797400F251C9 /* Debug */ = {
			isa = XCBuildConfiguration;
			baseConfigurationReference = 44D9F47C83C54F4D6ED52674 /* Pods-SurvivalUITests.debug.xcconfig */;
			buildSettings = {
				DEVELOPMENT_TEAM = 5Z4L8A2TF8;
				INFOPLIST_FILE = SurvivalUITests/Info.plist;
				LD_RUNPATH_SEARCH_PATHS = "$(inherited) @executable_path/Frameworks @loader_path/Frameworks";
				PRODUCT_BUNDLE_IDENTIFIER = edu.jhu.SurvivalUITests;
				PRODUCT_NAME = "$(TARGET_NAME)";
				SWIFT_VERSION = 3.0;
				TEST_TARGET_NAME = Survival;
			};
			name = Debug;
		};
		E25887A71DA5797400F251C9 /* Release */ = {
			isa = XCBuildConfiguration;
			baseConfigurationReference = 2328A1003D19DD78286C1EE3 /* Pods-SurvivalUITests.release.xcconfig */;
			buildSettings = {
				DEVELOPMENT_TEAM = 5Z4L8A2TF8;
				INFOPLIST_FILE = SurvivalUITests/Info.plist;
				LD_RUNPATH_SEARCH_PATHS = "$(inherited) @executable_path/Frameworks @loader_path/Frameworks";
				PRODUCT_BUNDLE_IDENTIFIER = edu.jhu.SurvivalUITests;
				PRODUCT_NAME = "$(TARGET_NAME)";
				SWIFT_VERSION = 3.0;
				TEST_TARGET_NAME = Survival;
			};
			name = Release;
		};
/* End XCBuildConfiguration section */

/* Begin XCConfigurationList section */
		E25887721DA5797300F251C9 /* Build configuration list for PBXProject "Survival" */ = {
			isa = XCConfigurationList;
			buildConfigurations = (
				E258879D1DA5797400F251C9 /* Debug */,
				E258879E1DA5797400F251C9 /* Release */,
			);
			defaultConfigurationIsVisible = 0;
			defaultConfigurationName = Release;
		};
		E258879F1DA5797400F251C9 /* Build configuration list for PBXNativeTarget "Survival" */ = {
			isa = XCConfigurationList;
			buildConfigurations = (
				E25887A01DA5797400F251C9 /* Debug */,
				E25887A11DA5797400F251C9 /* Release */,
			);
			defaultConfigurationIsVisible = 0;
			defaultConfigurationName = Release;
		};
		E25887A21DA5797400F251C9 /* Build configuration list for PBXNativeTarget "SurvivalTests" */ = {
			isa = XCConfigurationList;
			buildConfigurations = (
				E25887A31DA5797400F251C9 /* Debug */,
				E25887A41DA5797400F251C9 /* Release */,
			);
			defaultConfigurationIsVisible = 0;
			defaultConfigurationName = Release;
		};
		E25887A51DA5797400F251C9 /* Build configuration list for PBXNativeTarget "SurvivalUITests" */ = {
			isa = XCConfigurationList;
			buildConfigurations = (
				E25887A61DA5797400F251C9 /* Debug */,
				E25887A71DA5797400F251C9 /* Release */,
			);
			defaultConfigurationIsVisible = 0;
			defaultConfigurationName = Release;
		};
/* End XCConfigurationList section */
	};
	rootObject = E258876F1DA5797300F251C9 /* Project object */;
}
